
Microsoft Visual Studio Solution File, Format Version 12.00
# Visual Studio Version 16
VisualStudioVersion = 16.0.34031.81
MinimumVisualStudioVersion = 10.0.40219.1
Project("{FAE04EC0-301F-11D3-BF4B-00C04F79EFBC}") = "getplayers", "getplayers\getplayers.csproj", "{5BD2153C-52D1-4483-9611-9F9D243EA6C3}"
EndProject
Global
	GlobalSection(SolutionConfigurationPlatforms) = preSolution
		Debug|Any CPU = Debug|Any CPU
		Release|Any CPU = Release|Any CPU
	EndGlobalSection
	GlobalSection(ProjectConfigurationPlatforms) = postSolution
		{5BD2153C-52D1-4483-9611-9F9D243EA6C3}.Debug|Any CPU.ActiveCfg = Debug|Any CPU
		{5BD2153C-52D1-4483-9611-9F9D243EA6C3}.Debug|Any CPU.Build.0 = Debug|Any CPU
		{5BD2153C-52D1-4483-9611-9F9D243EA6C3}.Release|Any CPU.ActiveCfg = Release|Any CPU
		{5BD2153C-52D1-4483-9611-9F9D243EA6C3}.Release|Any CPU.Build.0 = Release|Any CPU
	EndGlobalSection
	GlobalSection(SolutionProperties) = preSolution
		HideSolutionNode = FALSE
	EndGlobalSection
	GlobalSection(ExtensibilityGlobals) = postSolution
		SolutionGuid = {35D3CD30-1C25-4EA6-BCC2-DC1C1F0D198E}
	EndGlobalSection
EndGlobal
